// !$*UTF8*$!
{
	archiveVersion = 1;
	classes = {
	};
	objectVersion = 77;
	objects = {

/* Begin PBXBuildFile section */
		0820E26CDA8338C4AB5B6454 /* ReleaseTests.swift in Sources */ = {isa = PBXBuildFile; fileRef = A468003E574580928A3A4E37 /* ReleaseTests.swift */; };
		14A8EAF98C01AB9A7116B4E3 /* Foundation.framework in Frameworks */ = {isa = PBXBuildFile; fileRef = 74D1D19B05F8B6482AC31C56 /* Foundation.framework */; };
		4C171D722FF8416800419A0A /* Sentry in Frameworks */ = {isa = PBXBuildFile; productRef = 4C171D712FF8416800419A0A /* Sentry */; };
		605E2AAF15694F458133CFCC /* DateFormattingTests.swift in Sources */ = {isa = PBXBuildFile; fileRef = 64829FFB75985254C5D80F6B /* DateFormattingTests.swift */; };
		E31DA0FF2FE3906400058EC8 /* Supabase in Frameworks */ = {isa = PBXBuildFile; productRef = E31DA0FE2FE3906400058EC8 /* Supabase */; };
/* End PBXBuildFile section */

/* Begin PBXContainerItemProxy section */
		C37AF4CCBEBAB74A9AD74D71 /* PBXContainerItemProxy */ = {
			isa = PBXContainerItemProxy;
			containerPortal = E31DA0E02FE38CEC00058EC8 /* Project object */;
			proxyType = 1;
			remoteGlobalIDString = E31DA0E72FE38CEC00058EC8;
			remoteInfo = sillajuku;
		};
/* End PBXContainerItemProxy section */

/* Begin PBXFileReference section */
		0FC5F6B6AF91629FD5D2C92C /* sillajukuTests.xctest */ = {isa = PBXFileReference; explicitFileType = wrapper.cfbundle; includeInIndex = 0; path = sillajukuTests.xctest; sourceTree = BUILT_PRODUCTS_DIR; };
		64829FFB75985254C5D80F6B /* DateFormattingTests.swift */ = {isa = PBXFileReference; includeInIndex = 1; lastKnownFileType = sourcecode.swift; path = DateFormattingTests.swift; sourceTree = "<group>"; };
		74D1D19B05F8B6482AC31C56 /* Foundation.framework */ = {isa = PBXFileReference; lastKnownFileType = wrapper.framework; name = Foundation.framework; path = Platforms/iPhoneOS.platform/Developer/SDKs/iPhoneOS18.0.sdk/System/Library/Frameworks/Foundation.framework; sourceTree = DEVELOPER_DIR; };
		A468003E574580928A3A4E37 /* ReleaseTests.swift */ = {isa = PBXFileReference; includeInIndex = 1; lastKnownFileType = sourcecode.swift; path = ReleaseTests.swift; sourceTree = "<group>"; };
		E31DA0E82FE38CEC00058EC8 /* sillajuku.app */ = {isa = PBXFileReference; explicitFileType = wrapper.application; includeInIndex = 0; path = sillajuku.app; sourceTree = BUILT_PRODUCTS_DIR; };
/* End PBXFileReference section */

/* Begin PBXFileSystemSynchronizedBuildFileExceptionSet section */
		E31DA1222FE3942B00058EC8 /* Exceptions for "sillajuku" folder in "sillajuku" target */ = {
			isa = PBXFileSystemSynchronizedBuildFileExceptionSet;
			membershipExceptions = (
				Info.plist,
			);
			target = E31DA0E72FE38CEC00058EC8 /* sillajuku */;
		};
/* End PBXFileSystemSynchronizedBuildFileExceptionSet section */

/* Begin PBXFileSystemSynchronizedRootGroup section */
		E31DA0EA2FE38CEC00058EC8 /* sillajuku */ = {
			isa = PBXFileSystemSynchronizedRootGroup;
			exceptions = (
				E31DA1222FE3942B00058EC8 /* Exceptions for "sillajuku" folder in "sillajuku" target */,
			);
			path = sillajuku;
			sourceTree = "<group>";
		};
/* End PBXFileSystemSynchronizedRootGroup section */

/* Begin PBXFrameworksBuildPhase section */
		6C10C9F390FE2EF8627F5129 /* Frameworks */ = {
			isa = PBXFrameworksBuildPhase;
			buildActionMask = 2147483647;
			files = (
				14A8EAF98C01AB9A7116B4E3 /* Foundation.framework in Frameworks */,
			);
			runOnlyForDeploymentPostprocessing = 0;
		};
		E31DA0E52FE38CEC00058EC8 /* Frameworks */ = {
			isa = PBXFrameworksBuildPhase;
			buildActionMask = 2147483647;
			files = (
				E31DA0FF2FE3906400058EC8 /* Supabase in Frameworks */,
				4C171D722FF8416800419A0A /* Sentry in Frameworks */,
			);
			runOnlyForDeploymentPostprocessing = 0;
		};
/* End PBXFrameworksBuildPhase section */

/* Begin PBXGroup section */
		0254272B1EBB51A6EC823CDA /* iOS */ = {
			isa = PBXGroup;
			children = (
				74D1D19B05F8B6482AC31C56 /* Foundation.framework */,
			);
			name = iOS;
			sourceTree = "<group>";
		};
		42D28EA71423FFE9FE17C34A /* sillajukuTests */ = {
			isa = PBXGroup;
			children = (
				A468003E574580928A3A4E37 /* ReleaseTests.swift */,
				64829FFB75985254C5D80F6B /* DateFormattingTests.swift */,
			);
			path = sillajukuTests;
			sourceTree = "<group>";
		};
		E31DA0DF2FE38CEC00058EC8 = {
			isa = PBXGroup;
			children = (
				E31DA0EA2FE38CEC00058EC8 /* sillajuku */,
				E31DA0FD2FE3906400058EC8 /* Frameworks */,
				E31DA0E92FE38CEC00058EC8 /* Products */,
				42D28EA71423FFE9FE17C34A /* sillajukuTests */,
			);
			sourceTree = "<group>";
		};
		E31DA0E92FE38CEC00058EC8 /* Products */ = {
			isa = PBXGroup;
			children = (
				E31DA0E82FE38CEC00058EC8 /* sillajuku.app */,
				0FC5F6B6AF91629FD5D2C92C /* sillajukuTests.xctest */,
			);
			name = Products;
			sourceTree = "<group>";
		};
		E31DA0FD2FE3906400058EC8 /* Frameworks */ = {
			isa = PBXGroup;
			children = (
				0254272B1EBB51A6EC823CDA /* iOS */,
			);
			name = Frameworks;
			sourceTree = "<group>";
		};
/* End PBXGroup section */

/* Begin PBXNativeTarget section */
		91CB1801E23055565E90AA8E /* sillajukuTests */ = {
			isa = PBXNativeTarget;
			buildConfigurationList = 7F1E0CF32FA47AB0C8BD9132 /* Build configuration list for PBXNativeTarget "sillajukuTests" */;
			buildPhases = (
				E80F19D39E4AB2AE213D6093 /* Sources */,
				6C10C9F390FE2EF8627F5129 /* Frameworks */,
				80F480935060389E138FE7D1 /* Resources */,
			);
			buildRules = (
			);
			dependencies = (
				C7F64DA12BE92A454C7C0B87 /* PBXTargetDependency */,
			);
			name = sillajukuTests;
			productName = sillajukuTests;
			productReference = 0FC5F6B6AF91629FD5D2C92C /* sillajukuTests.xctest */;
			productType = "com.apple.product-type.bundle.unit-test";
		};
		E31DA0E72FE38CEC00058EC8 /* sillajuku */ = {
			isa = PBXNativeTarget;
			buildConfigurationList = E31DA0F32FE38CEF00058EC8 /* Build configuration list for PBXNativeTarget "sillajuku" */;
			buildPhases = (
				E31DA0E42FE38CEC00058EC8 /* Sources */,
				E31DA0E52FE38CEC00058EC8 /* Frameworks */,
				E31DA0E62FE38CEC00058EC8 /* Resources */,
			);
			buildRules = (
			);
			dependencies = (
			);
			fileSystemSynchronizedGroups = (
				E31DA0EA2FE38CEC00058EC8 /* sillajuku */,
			);
			name = sillajuku;
			packageProductDependencies = (
				E31DA0FE2FE3906400058EC8 /* Supabase */,
				4C171D712FF8416800419A0A /* Sentry */,
			);
			productName = sillajuku;
			productReference = E31DA0E82FE38CEC00058EC8 /* sillajuku.app */;
			productType = "com.apple.product-type.application";
		};
/* End PBXNativeTarget section */

/* Begin PBXProject section */
		E31DA0E02FE38CEC00058EC8 /* Project object */ = {
			isa = PBXProject;
			attributes = {
				BuildIndependentTargetsInParallel = 1;
				LastSwiftUpdateCheck = 2650;
				LastUpgradeCheck = 2650;
				TargetAttributes = {
					E31DA0E72FE38CEC00058EC8 = {
						CreatedOnToolsVersion = 26.5;
					};
				};
			};
			buildConfigurationList = E31DA0E32FE38CEC00058EC8 /* Build configuration list for PBXProject "sillajuku" */;
			developmentRegion = en;
			hasScannedForEncodings = 0;
			knownRegions = (
				en,
				Base,
				ko,
			);
			mainGroup = E31DA0DF2FE38CEC00058EC8;
			minimizedProjectReferenceProxies = 1;
			packageReferences = (
				E31DA0FC2FE38F9200058EC8 /* XCRemoteSwiftPackageReference "supabase-swift" */,
				4C171D702FF8416800419A0A /* XCRemoteSwiftPackageReference "sentry-cocoa" */,
			);
			preferredProjectObjectVersion = 77;
			productRefGroup = E31DA0E92FE38CEC00058EC8 /* Products */;
			projectDirPath = "";
			projectRoot = "";
			targets = (
				E31DA0E72FE38CEC00058EC8 /* sillajuku */,
				91CB1801E23055565E90AA8E /* sillajukuTests */,
			);
		};
/* End PBXProject section */

/* Begin PBXResourcesBuildPhase section */
		80F480935060389E138FE7D1 /* Resources */ = {
			isa = PBXResourcesBuildPhase;
			buildActionMask = 2147483647;
			files = (
			);
			runOnlyForDeploymentPostprocessing = 0;
		};
		E31DA0E62FE38CEC00058EC8 /* Resources */ = {
			isa = PBXResourcesBuildPhase;
			buildActionMask = 2147483647;
			files = (
			);
			runOnlyForDeploymentPostprocessing = 0;
		};
/* End PBXResourcesBuildPhase section */

/* Begin PBXSourcesBuildPhase section */
		E31DA0E42FE38CEC00058EC8 /* Sources */ = {
			isa = PBXSourcesBuildPhase;
			buildActionMask = 2147483647;
			files = (
			);
			runOnlyForDeploymentPostprocessing = 0;
		};
		E80F19D39E4AB2AE213D6093 /* Sources */ = {
			isa = PBXSourcesBuildPhase;
			buildActionMask = 2147483647;
			files = (
				0820E26CDA8338C4AB5B6454 /* ReleaseTests.swift in Sources */,
				605E2AAF15694F458133CFCC /* DateFormattingTests.swift in Sources */,
			);
			runOnlyForDeploymentPostprocessing = 0;
		};
/* End PBXSourcesBuildPhase section */

/* Begin PBXTargetDependency section */
		C7F64DA12BE92A454C7C0B87 /* PBXTargetDependency */ = {
			isa = PBXTargetDependency;
			name = sillajuku;
			target = E31DA0E72FE38CEC00058EC8 /* sillajuku */;
			targetProxy = C37AF4CCBEBAB74A9AD74D71 /* PBXContainerItemProxy */;
		};
/* End PBXTargetDependency section */

/* Begin XCBuildConfiguration section */
		25E77EB43A76707D34208CB0 /* Release */ = {
			isa = XCBuildConfiguration;
			buildSettings = {
				BUNDLE_LOADER = "$(TEST_HOST)";
				CLANG_ENABLE_OBJC_WEAK = NO;
				CODE_SIGN_STYLE = Automatic;
				DEVELOPMENT_TEAM = GGJ5HX3A4M;
				GENERATE_INFOPLIST_FILE = YES;
				IPHONEOS_DEPLOYMENT_TARGET = 26.0;
				PRODUCT_BUNDLE_IDENTIFIER = com.sillajuku.app.sillajukuTests;
				PRODUCT_NAME = "$(TARGET_NAME)";
				SDKROOT = iphoneos;
				SWIFT_VERSION = 5.0;
				TEST_HOST = "$(BUILT_PRODUCTS_DIR)/sillajuku.app/sillajuku";
				VALIDATE_PRODUCT = YES;
			};
			name = Release;
		};
		2AF58F9CBBB6187EEF600049 /* Debug */ = {
			isa = XCBuildConfiguration;
			buildSettings = {
				BUNDLE_LOADER = "$(TEST_HOST)";
				CLANG_ENABLE_OBJC_WEAK = NO;
				CODE_SIGN_STYLE = Automatic;
				DEVELOPMENT_TEAM = GGJ5HX3A4M;
				GENERATE_INFOPLIST_FILE = YES;
				IPHONEOS_DEPLOYMENT_TARGET = 26.0;
				PRODUCT_BUNDLE_IDENTIFIER = com.sillajuku.app.sillajukuTests;
				PRODUCT_NAME = "$(TARGET_NAME)";
				SDKROOT = iphoneos;
				SWIFT_VERSION = 5.0;
				TEST_HOST = "$(BUILT_PRODUCTS_DIR)/sillajuku.app/sillajuku";
			};
			name = Debug;
		};
		E31DA0F12FE38CEF00058EC8 /* Debug */ = {
			isa = XCBuildConfiguration;
			buildSettings = {
				ALWAYS_SEARCH_USER_PATHS = NO;
				ASSETCATALOG_COMPILER_GENERATE_SWIFT_ASSET_SYMBOL_EXTENSIONS = YES;
				CLANG_ANALYZER_NONNULL = YES;
				CLANG_ANALYZER_NUMBER_OBJECT_CONVERSION = YES_AGGRESSIVE;
				CLANG_CXX_LANGUAGE_STANDARD = "gnu++20";
				CLANG_ENABLE_MODULES = YES;
				CLANG_ENABLE_OBJC_ARC = YES;
				CLANG_ENABLE_OBJC_WEAK = YES;
				CLANG_WARN_BLOCK_CAPTURE_AUTORELEASING = YES;
				CLANG_WARN_BOOL_CONVERSION = YES;
				CLANG_WARN_COMMA = YES;
				CLANG_WARN_CONSTANT_CONVERSION = YES;
				CLANG_WARN_DEPRECATED_OBJC_IMPLEMENTATIONS = YES;
				CLANG_WARN_DIRECT_OBJC_ISA_USAGE = YES_ERROR;
				CLANG_WARN_DOCUMENTATION_COMMENTS = YES;
				CLANG_WARN_EMPTY_BODY = YES;
				CLANG_WARN_ENUM_CONVERSION = YES;
				CLANG_WARN_INFINITE_RECURSION = YES;
				CLANG_WARN_INT_CONVERSION = YES;
				CLANG_WARN_NON_LITERAL_NULL_CONVERSION = YES;
				CLANG_WARN_OBJC_IMPLICIT_RETAIN_SELF = YES;
				CLANG_WARN_OBJC_LITERAL_CONVERSION = YES;
				CLANG_WARN_OBJC_ROOT_CLASS = YES_ERROR;
				CLANG_WARN_QUOTED_INCLUDE_IN_FRAMEWORK_HEADER = YES;
				CLANG_WARN_RANGE_LOOP_ANALYSIS = YES;
				CLANG_WARN_STRICT_PROTOTYPES = YES;
				CLANG_WARN_SUSPICIOUS_MOVE = YES;
				CLANG_WARN_UNGUARDED_AVAILABILITY = YES_AGGRESSIVE;
				CLANG_WARN_UNREACHABLE_CODE = YES;
				CLANG_WARN__DUPLICATE_METHOD_MATCH = YES;
				COPY_PHASE_STRIP = NO;
				DEBUG_INFORMATION_FORMAT = dwarf;
				ENABLE_STRICT_OBJC_MSGSEND = YES;
				ENABLE_TESTABILITY = YES;
				ENABLE_USER_SCRIPT_SANDBOXING = YES;
				GCC_C_LANGUAGE_STANDARD = gnu17;
				GCC_DYNAMIC_NO_PIC = NO;
				GCC_NO_COMMON_BLOCKS = YES;
				GCC_OPTIMIZATION_LEVEL = 0;
				GCC_PREPROCESSOR_DEFINITIONS = (
					"DEBUG=1",
					"$(inherited)",
				);
				GCC_WARN_64_TO_32_BIT_CONVERSION = YES;
				GCC_WARN_ABOUT_RETURN_TYPE = YES_ERROR;
				GCC_WARN_UNDECLARED_SELECTOR = YES;
				GCC_WARN_UNINITIALIZED_AUTOS = YES_AGGRESSIVE;
				GCC_WARN_UNUSED_FUNCTION = YES;
				GCC_WARN_UNUSED_VARIABLE = YES;
				IPHONEOS_DEPLOYMENT_TARGET = 26.0;
				LOCALIZATION_PREFERS_STRING_CATALOGS = YES;
				MTL_ENABLE_DEBUG_INFO = INCLUDE_SOURCE;
				MTL_FAST_MATH = YES;
				ONLY_ACTIVE_ARCH = YES;
				SDKROOT = iphoneos;
				SWIFT_ACTIVE_COMPILATION_CONDITIONS = "DEBUG $(inherited)";
				SWIFT_EMIT_LOC_STRINGS = YES;
				SWIFT_OPTIMIZATION_LEVEL = "-Onone";
			};
			name = Debug;
		};
		E31DA0F22FE38CEF00058EC8 /* Release */ = {
			isa = XCBuildConfiguration;
			buildSettings = {
				ALWAYS_SEARCH_USER_PATHS = NO;
				ASSETCATALOG_COMPILER_GENERATE_SWIFT_ASSET_SYMBOL_EXTENSIONS = YES;
				CLANG_ANALYZER_NONNULL = YES;
				CLANG_ANALYZER_NUMBER_OBJECT_CONVERSION = YES_AGGRESSIVE;
				CLANG_CXX_LANGUAGE_STANDARD = "gnu++20";
				CLANG_ENABLE_MODULES = YES;
				CLANG_ENABLE_OBJC_ARC = YES;
				CLANG_ENABLE_OBJC_WEAK = YES;
				CLANG_WARN_BLOCK_CAPTURE_AUTORELEASING = YES;
				CLANG_WARN_BOOL_CONVERSION = YES;
				CLANG_WARN_COMMA = YES;
				CLANG_WARN_CONSTANT_CONVERSION = YES;
				CLANG_WARN_DEPRECATED_OBJC_IMPLEMENTATIONS = YES;
				CLANG_WARN_DIRECT_OBJC_ISA_USAGE = YES_ERROR;
				CLANG_WARN_DOCUMENTATION_COMMENTS = YES;
				CLANG_WARN_EMPTY_BODY = YES;
				CLANG_WARN_ENUM_CONVERSION = YES;
				CLANG_WARN_INFINITE_RECURSION = YES;
				CLANG_WARN_INT_CONVERSION = YES;
				CLANG_WARN_NON_LITERAL_NULL_CONVERSION = YES;
				CLANG_WARN_OBJC_IMPLICIT_RETAIN_SELF = YES;
				CLANG_WARN_OBJC_LITERAL_CONVERSION = YES;
				CLANG_WARN_OBJC_ROOT_CLASS = YES_ERROR;
				CLANG_WARN_QUOTED_INCLUDE_IN_FRAMEWORK_HEADER = YES;
				CLANG_WARN_RANGE_LOOP_ANALYSIS = YES;
				CLANG_WARN_STRICT_PROTOTYPES = YES;
				CLANG_WARN_SUSPICIOUS_MOVE = YES;
				CLANG_WARN_UNGUARDED_AVAILABILITY = YES_AGGRESSIVE;
				CLANG_WARN_UNREACHABLE_CODE = YES;
				CLANG_WARN__DUPLICATE_METHOD_MATCH = YES;
				COPY_PHASE_STRIP = NO;
				DEBUG_INFORMATION_FORMAT = "dwarf-with-dsym";
				ENABLE_NS_ASSERTIONS = NO;
				ENABLE_STRICT_OBJC_MSGSEND = YES;
				ENABLE_USER_SCRIPT_SANDBOXING = YES;
				GCC_C_LANGUAGE_STANDARD = gnu17;
				GCC_NO_COMMON_BLOCKS = YES;
				GCC_WARN_64_TO_32_BIT_CONVERSION = YES;
				GCC_WARN_ABOUT_RETURN_TYPE = YES_ERROR;
				GCC_WARN_UNDECLARED_SELECTOR = YES;
				GCC_WARN_UNINITIALIZED_AUTOS = YES_AGGRESSIVE;
				GCC_WARN_UNUSED_FUNCTION = YES;
				GCC_WARN_UNUSED_VARIABLE = YES;
				IPHONEOS_DEPLOYMENT_TARGET = 26.0;
				LOCALIZATION_PREFERS_STRING_CATALOGS = YES;
				MTL_ENABLE_DEBUG_INFO = NO;
				MTL_FAST_MATH = YES;
				SDKROOT = iphoneos;
				SWIFT_COMPILATION_MODE = wholemodule;
				SWIFT_EMIT_LOC_STRINGS = YES;
				VALIDATE_PRODUCT = YES;
			};
			name = Release;
		};
		E31DA0F42FE38CEF00058EC8 /* Debug */ = {
			isa = XCBuildConfiguration;
			buildSettings = {
				ASSETCATALOG_COMPILER_APPICON_NAME = AppIcon;
				ASSETCATALOG_COMPILER_GLOBAL_ACCENT_COLOR_NAME = AccentColor;
				CODE_SIGNING_ALLOWED = YES;
				CODE_SIGN_ENTITLEMENTS = sillajuku/sillajuku.entitlements;
				CODE_SIGN_STYLE = Automatic;
				CURRENT_PROJECT_VERSION = 9;
				DEVELOPMENT_TEAM = GGJ5HX3A4M;
				ENABLE_PREVIEWS = YES;
				GENERATE_INFOPLIST_FILE = YES;
				INFOPLIST_FILE = sillajuku/Info.plist;
				INFOPLIST_KEY_UIApplicationSceneManifest_Generation = YES;
				INFOPLIST_KEY_UIApplicationSupportsIndirectInputEvents = YES;
				INFOPLIST_KEY_UILaunchScreen_Generation = YES;
				INFOPLIST_KEY_UISupportedInterfaceOrientations_iPad = "UIInterfaceOrientationPortrait UIInterfaceOrientationPortraitUpsideDown UIInterfaceOrientationLandscapeLeft UIInterfaceOrientationLandscapeRight";
				INFOPLIST_KEY_UISupportedInterfaceOrientations_iPhone = "UIInterfaceOrientationPortrait UIInterfaceOrientationLandscapeLeft UIInterfaceOrientationLandscapeRight";
				LD_RUNPATH_SEARCH_PATHS = (
					"$(inherited)",
					"@executable_path/Frameworks",
				);
				MARKETING_VERSION = 1.0;
				PRODUCT_BUNDLE_IDENTIFIER = com.sillajuku.app;
				PRODUCT_NAME = "$(TARGET_NAME)";
				STRING_CATALOG_GENERATE_SYMBOLS = YES;
				SUPPORTED_PLATFORMS = "iphoneos iphonesimulator";
				SUPPORTS_MACCATALYST = NO;
				SUPPORTS_MAC_DESIGNED_FOR_IPHONE_IPAD = YES;
				SWIFT_APPROACHABLE_CONCURRENCY = YES;
				SWIFT_DEFAULT_ACTOR_ISOLATION = MainActor;
				SWIFT_EMIT_LOC_STRINGS = YES;
				SWIFT_UPCOMING_FEATURE_MEMBER_IMPORT_VISIBILITY = YES;
				SWIFT_VERSION = 5.0;
				TARGETED_DEVICE_FAMILY = "1,2";
			};
			name = Debug;
		};
		E31DA0F52FE38CEF00058EC8 /* Release */ = {
			isa = XCBuildConfiguration;
			buildSettings = {
				ASSETCATALOG_COMPILER_APPICON_NAME = AppIcon;
				ASSETCATALOG_COMPILER_GLOBAL_ACCENT_COLOR_NAME = AccentColor;
				CODE_SIGN_ENTITLEMENTS = sillajuku/sillajuku.entitlements;
				CODE_SIGN_STYLE = Automatic;
				CURRENT_PROJECT_VERSION = 9;
				DEVELOPMENT_TEAM = GGJ5HX3A4M;
				ENABLE_PREVIEWS = YES;
				GENERATE_INFOPLIST_FILE = YES;
				INFOPLIST_FILE = sillajuku/Info.plist;
				INFOPLIST_KEY_UIApplicationSceneManifest_Generation = YES;
				INFOPLIST_KEY_UIApplicationSupportsIndirectInputEvents = YES;
				INFOPLIST_KEY_UILaunchScreen_Generation = YES;
				INFOPLIST_KEY_UISupportedInterfaceOrientations_iPad = "UIInterfaceOrientationPortrait UIInterfaceOrientationPortraitUpsideDown UIInterfaceOrientationLandscapeLeft UIInterfaceOrientationLandscapeRight";
				INFOPLIST_KEY_UISupportedInterfaceOrientations_iPhone = "UIInterfaceOrientationPortrait UIInterfaceOrientationLandscapeLeft UIInterfaceOrientationLandscapeRight";
				LD_RUNPATH_SEARCH_PATHS = (
					"$(inherited)",
					"@executable_path/Frameworks",
				);
				MARKETING_VERSION = 1.0;
				PRODUCT_BUNDLE_IDENTIFIER = com.sillajuku.app;
				PRODUCT_NAME = "$(TARGET_NAME)";
				STRING_CATALOG_GENERATE_SYMBOLS = YES;
				SUPPORTED_PLATFORMS = "iphoneos iphonesimulator";
				SUPPORTS_MACCATALYST = NO;
				SUPPORTS_MAC_DESIGNED_FOR_IPHONE_IPAD = YES;
				SWIFT_APPROACHABLE_CONCURRENCY = YES;
				SWIFT_DEFAULT_ACTOR_ISOLATION = MainActor;
				SWIFT_EMIT_LOC_STRINGS = YES;
				SWIFT_UPCOMING_FEATURE_MEMBER_IMPORT_VISIBILITY = YES;
				SWIFT_VERSION = 5.0;
				TARGETED_DEVICE_FAMILY = "1,2";
			};
			name = Release;
		};
/* End XCBuildConfiguration section */

/* Begin XCConfigurationList section */
		7F1E0CF32FA47AB0C8BD9132 /* Build configuration list for PBXNativeTarget "sillajukuTests" */ = {
			isa = XCConfigurationList;
			buildConfigurations = (
				25E77EB43A76707D34208CB0 /* Release */,
				2AF58F9CBBB6187EEF600049 /* Debug */,
			);
			defaultConfigurationIsVisible = 0;
			defaultConfigurationName = Release;
		};
		E31DA0E32FE38CEC00058EC8 /* Build configuration list for PBXProject "sillajuku" */ = {
			isa = XCConfigurationList;
			buildConfigurations = (
				E31DA0F12FE38CEF00058EC8 /* Debug */,
				E31DA0F22FE38CEF00058EC8 /* Release */,
			);
			defaultConfigurationIsVisible = 0;
			defaultConfigurationName = Release;
		};
		E31DA0F32FE38CEF00058EC8 /* Build configuration list for PBXNativeTarget "sillajuku" */ = {
			isa = XCConfigurationList;
			buildConfigurations = (
				E31DA0F42FE38CEF00058EC8 /* Debug */,
				E31DA0F52FE38CEF00058EC8 /* Release */,
			);
			defaultConfigurationIsVisible = 0;
			defaultConfigurationName = Release;
		};
/* End XCConfigurationList section */

/* Begin XCRemoteSwiftPackageReference section */
		4C171D702FF8416800419A0A /* XCRemoteSwiftPackageReference "sentry-cocoa" */ = {
			isa = XCRemoteSwiftPackageReference;
			repositoryURL = "https://github.com/getsentry/sentry-cocoa";
			requirement = {
				kind = upToNextMajorVersion;
				minimumVersion = 8.0.0;
			};
		};
		E31DA0FC2FE38F9200058EC8 /* XCRemoteSwiftPackageReference "supabase-swift" */ = {
			isa = XCRemoteSwiftPackageReference;
			repositoryURL = "https://github.com/supabase/supabase-swift";
			requirement = {
				kind = upToNextMajorVersion;
				minimumVersion = 2.0.0;
			};
		};
/* End XCRemoteSwiftPackageReference section */

/* Begin XCSwiftPackageProductDependency section */
		4C171D712FF8416800419A0A /* Sentry */ = {
			isa = XCSwiftPackageProductDependency;
			package = 4C171D702FF8416800419A0A /* XCRemoteSwiftPackageReference "sentry-cocoa" */;
			productName = Sentry;
		};
		E31DA0FE2FE3906400058EC8 /* Supabase */ = {
			isa = XCSwiftPackageProductDependency;
			package = E31DA0FC2FE38F9200058EC8 /* XCRemoteSwiftPackageReference "supabase-swift" */;
			productName = Supabase;
		};
/* End XCSwiftPackageProductDependency section */
	};
	rootObject = E31DA0E02FE38CEC00058EC8 /* Project object */;
}
